PODS:
  - AerisWeather (2.3.6):
    - AerisWeather/Aeris (= 2.3.6)
  - AerisWeather/Aeris (2.3.6):
    - AFNetworking (~> 3.0)
  - AFNetworking (3.1.0):
    - AFNetworking/NSURLSession (= 3.1.0)
    - AFNetworking/Reachability (= 3.1.0)
    - AFNetworking/Security (= 3.1.0)
    - AFNetworking/Serialization (= 3.1.0)
    - AFNetworking/UIKit (= 3.1.0)
  - AFNetworking/NSURLSession (3.1.0):
    - AFNetworking/Reachability
    - AFNetworking/Security
    - AFNetworking/Serialization
  - AFNetworking/Reachability (3.1.0)
  - AFNetworking/Security (3.1.0)
  - AFNetworking/Serialization (3.1.0)
  - AFNetworking/UIKit (3.1.0):
    - AFNetworking/NSURLSession
  - SnapKit (0.21.1)

DEPENDENCIES:
  - AerisWeather (~> 2.3.6)
  - SnapKit (~> 0.21.0)

SPEC CHECKSUMS:
  AerisWeather: 66eddc9afcc9e0977bedbb904b46172319636751
  AFNetworking: 5e0e199f73d8626b11e79750991f5d173d1f8b67
  SnapKit: bbad04cb016c7cead63965f16b00c09318d271ee

PODFILE CHECKSUM: 78df6cf3a151505fac9cbe8108bfa22f94ca6ed6

COCOAPODS: 1.0.1
